// !$*UTF8*$!
{
	archiveVersion = 1;
	classes = {
	};
	objectVersion = 46;
	objects = {

/* Begin PBXBuildFile section */
		5E24CC2E1F6491A6001FD3C6 /* PriorityQueue.swift in Sources */ = {isa = PBXBuildFile; fileRef = 5E24CC2D1F6491A6001FD3C6 /* PriorityQueue.swift */; };
		5E24CC301F649228001FD3C6 /* SchedulingAlgorithm.swift in Sources */ = {isa = PBXBuildFile; fileRef = 5E24CC2F1F649228001FD3C6 /* SchedulingAlgorithm.swift */; };
		9B1F41191F0FDE3E000B3076 /* AppDelegate.swift in Sources */ = {isa = PBXBuildFile; fileRef = 9B1F41181F0FDE3E000B3076 /* AppDelegate.swift */; };
		9B1F411B1F0FDE3E000B3076 /* ViewController.swift in Sources */ = {isa = PBXBuildFile; fileRef = 9B1F411A1F0FDE3E000B3076 /* ViewController.swift */; };
		9B1F411E1F0FDE3E000B3076 /* Main.storyboard in Resources */ = {isa = PBXBuildFile; fileRef = 9B1F411C1F0FDE3E000B3076 /* Main.storyboard */; };
		9B1F41201F0FDE3F000B3076 /* Assets.xcassets in Resources */ = {isa = PBXBuildFile; fileRef = 9B1F411F1F0FDE3F000B3076 /* Assets.xcassets */; };
		9B1F41231F0FDE3F000B3076 /* LaunchScreen.storyboard in Resources */ = {isa = PBXBuildFile; fileRef = 9B1F41211F0FDE3F000B3076 /* LaunchScreen.storyboard */; };
		9B1F412E1F0FDE3F000B3076 /* TaskSchedulerTests.swift in Sources */ = {isa = PBXBuildFile; fileRef = 9B1F412D1F0FDE3F000B3076 /* TaskSchedulerTests.swift */; };
		9B1F41391F0FE169000B3076 /* ClassTableViewCell.swift in Sources */ = {isa = PBXBuildFile; fileRef = 9B1F41381F0FE169000B3076 /* ClassTableViewCell.swift */; };
		9B1F413B1F104B17000B3076 /* Class.swift in Sources */ = {isa = PBXBuildFile; fileRef = 9B1F413A1F104B17000B3076 /* Class.swift */; };
		9B1F413F1F104CD9000B3076 /* ClassViewController.swift in Sources */ = {isa = PBXBuildFile; fileRef = 9B1F413E1F104CD9000B3076 /* ClassViewController.swift */; };
		9B1F41411F13E5CE000B3076 /* TableViewController.swift in Sources */ = {isa = PBXBuildFile; fileRef = 9B1F41401F13E5CE000B3076 /* TableViewController.swift */; };
		9B513C3C1F1DA019005EA23C /* TaskViewController.swift in Sources */ = {isa = PBXBuildFile; fileRef = 9B513C3B1F1DA019005EA23C /* TaskViewController.swift */; };
		9B513C3E1F1DA32C005EA23C /* Task.swift in Sources */ = {isa = PBXBuildFile; fileRef = 9B513C3D1F1DA32C005EA23C /* Task.swift */; };
		9B513C401F1DA6DE005EA23C /* TaskTableViewController.swift in Sources */ = {isa = PBXBuildFile; fileRef = 9B513C3F1F1DA6DE005EA23C /* TaskTableViewController.swift */; };
		9BFF60491F1DC3BC0085DA4A /* TaskTableViewCell.swift in Sources */ = {isa = PBXBuildFile; fileRef = 9BFF60481F1DC3BC0085DA4A /* TaskTableViewCell.swift */; };
/* End PBXBuildFile section */

/* Begin PBXContainerItemProxy section */
		9B1F412A1F0FDE3F000B3076 /* PBXContainerItemProxy */ = {
			isa = PBXContainerItemProxy;
			containerPortal = 9B1F410D1F0FDE3E000B3076 /* Project object */;
			proxyType = 1;
			remoteGlobalIDString = 9B1F41141F0FDE3E000B3076;
			remoteInfo = TaskScheduler;
		};
/* End PBXContainerItemProxy section */

/* Begin PBXFileReference section */
		5E24CC2D1F6491A6001FD3C6 /* PriorityQueue.swift */ = {isa = PBXFileReference; fileEncoding = 4; lastKnownFileType = sourcecode.swift; path = PriorityQueue.swift; sourceTree = "<group>"; };
		5E24CC2F1F649228001FD3C6 /* SchedulingAlgorithm.swift */ = {isa = PBXFileReference; fileEncoding = 4; lastKnownFileType = sourcecode.swift; path = SchedulingAlgorithm.swift; sourceTree = "<group>"; };
		9B1F41151F0FDE3E000B3076 /* TaskScheduler.app */ = {isa = PBXFileReference; explicitFileType = wrapper.application; includeInIndex = 0; path = TaskScheduler.app; sourceTree = BUILT_PRODUCTS_DIR; };
		9B1F41181F0FDE3E000B3076 /* AppDelegate.swift */ = {isa = PBXFileReference; lastKnownFileType = sourcecode.swift; path = AppDelegate.swift; sourceTree = "<group>"; };
		9B1F411A1F0FDE3E000B3076 /* ViewController.swift */ = {isa = PBXFileReference; lastKnownFileType = sourcecode.swift; path = ViewController.swift; sourceTree = "<group>"; };
		9B1F411D1F0FDE3E000B3076 /* Base */ = {isa = PBXFileReference; lastKnownFileType = file.storyboard; name = Base; path = Base.lproj/Main.storyboard; sourceTree = "<group>"; };
		9B1F411F1F0FDE3F000B3076 /* Assets.xcassets */ = {isa = PBXFileReference; lastKnownFileType = folder.assetcatalog; path = Assets.xcassets; sourceTree = "<group>"; };
		9B1F41221F0FDE3F000B3076 /* Base */ = {isa = PBXFileReference; lastKnownFileType = file.storyboard; name = Base; path = Base.lproj/LaunchScreen.storyboard; sourceTree = "<group>"; };
		9B1F41241F0FDE3F000B3076 /* Info.plist */ = {isa = PBXFileReference; lastKnownFileType = text.plist.xml; path = Info.plist; sourceTree = "<group>"; };
		9B1F41291F0FDE3F000B3076 /* TaskSchedulerTests.xctest */ = {isa = PBXFileReference; explicitFileType = wrapper.cfbundle; includeInIndex = 0; path = TaskSchedulerTests.xctest; sourceTree = BUILT_PRODUCTS_DIR; };
		9B1F412D1F0FDE3F000B3076 /* TaskSchedulerTests.swift */ = {isa = PBXFileReference; lastKnownFileType = sourcecode.swift; path = TaskSchedulerTests.swift; sourceTree = "<group>"; };
		9B1F412F1F0FDE3F000B3076 /* Info.plist */ = {isa = PBXFileReference; lastKnownFileType = text.plist.xml; path = Info.plist; sourceTree = "<group>"; };
		9B1F41381F0FE169000B3076 /* ClassTableViewCell.swift */ = {isa = PBXFileReference; fileEncoding = 4; lastKnownFileType = sourcecode.swift; path = ClassTableViewCell.swift; sourceTree = "<group>"; };
		9B1F413A1F104B17000B3076 /* Class.swift */ = {isa = PBXFileReference; fileEncoding = 4; lastKnownFileType = sourcecode.swift; path = Class.swift; sourceTree = "<group>"; };
		9B1F413E1F104CD9000B3076 /* ClassViewController.swift */ = {isa = PBXFileReference; fileEncoding = 4; lastKnownFileType = sourcecode.swift; name = ClassViewController.swift; path = ../ClassViewController.swift; sourceTree = "<group>"; };
		9B1F41401F13E5CE000B3076 /* TableViewController.swift */ = {isa = PBXFileReference; fileEncoding = 4; lastKnownFileType = sourcecode.swift; path = TableViewController.swift; sourceTree = "<group>"; };
		9B513C3B1F1DA019005EA23C /* TaskViewController.swift */ = {isa = PBXFileReference; fileEncoding = 4; lastKnownFileType = sourcecode.swift; path = TaskViewController.swift; sourceTree = "<group>"; };
		9B513C3D1F1DA32C005EA23C /* Task.swift */ = {isa = PBXFileReference; fileEncoding = 4; lastKnownFileType = sourcecode.swift; path = Task.swift; sourceTree = "<group>"; };
		9B513C3F1F1DA6DE005EA23C /* TaskTableViewController.swift */ = {isa = PBXFileReference; fileEncoding = 4; lastKnownFileType = sourcecode.swift; path = TaskTableViewController.swift; sourceTree = "<group>"; };
		9BFF60481F1DC3BC0085DA4A /* TaskTableViewCell.swift */ = {isa = PBXFileReference; fileEncoding = 4; lastKnownFileType = sourcecode.swift; path = TaskTableViewCell.swift; sourceTree = "<group>"; };
/* End PBXFileReference section */

/* Begin PBXFrameworksBuildPhase section */
		9B1F41121F0FDE3E000B3076 /* Frameworks */ = {
			isa = PBXFrameworksBuildPhase;
			buildActionMask = 2147483647;
			files = (
			);
			runOnlyForDeploymentPostprocessing = 0;
		};
		9B1F41261F0FDE3F000B3076 /* Frameworks */ = {
			isa = PBXFrameworksBuildPhase;
			buildActionMask = 2147483647;
			files = (
			);
			runOnlyForDeploymentPostprocessing = 0;
		};
/* End PBXFrameworksBuildPhase section */

/* Begin PBXGroup section */
		9B1F410C1F0FDE3E000B3076 = {
			isa = PBXGroup;
			children = (
				9B1F41171F0FDE3E000B3076 /* TaskScheduler */,
				9B1F412C1F0FDE3F000B3076 /* TaskSchedulerTests */,
				9B1F41161F0FDE3E000B3076 /* Products */,
			);
			sourceTree = "<group>";
		};
		9B1F41161F0FDE3E000B3076 /* Products */ = {
			isa = PBXGroup;
			children = (
				9B1F41151F0FDE3E000B3076 /* TaskScheduler.app */,
				9B1F41291F0FDE3F000B3076 /* TaskSchedulerTests.xctest */,
			);
			name = Products;
			sourceTree = "<group>";
		};
		9B1F41171F0FDE3E000B3076 /* TaskScheduler */ = {
			isa = PBXGroup;
			children = (
				9B1F413E1F104CD9000B3076 /* ClassViewController.swift */,
				9B1F41181F0FDE3E000B3076 /* AppDelegate.swift */,
				9B1F411A1F0FDE3E000B3076 /* ViewController.swift */,
				9B1F411C1F0FDE3E000B3076 /* Main.storyboard */,
				9B1F41381F0FE169000B3076 /* ClassTableViewCell.swift */,
				9B1F411F1F0FDE3F000B3076 /* Assets.xcassets */,
				9B1F41211F0FDE3F000B3076 /* LaunchScreen.storyboard */,
				9B1F41241F0FDE3F000B3076 /* Info.plist */,
				9B1F413A1F104B17000B3076 /* Class.swift */,
				9B1F41401F13E5CE000B3076 /* TableViewController.swift */,
				9B513C3B1F1DA019005EA23C /* TaskViewController.swift */,
				9B513C3D1F1DA32C005EA23C /* Task.swift */,
				9B513C3F1F1DA6DE005EA23C /* TaskTableViewController.swift */,
				9BFF60481F1DC3BC0085DA4A /* TaskTableViewCell.swift */,
				5E24CC2D1F6491A6001FD3C6 /* PriorityQueue.swift */,
				5E24CC2F1F649228001FD3C6 /* SchedulingAlgorithm.swift */,
			);
			path = TaskScheduler;
			sourceTree = "<group>";
		};
		9B1F412C1F0FDE3F000B3076 /* TaskSchedulerTests */ = {
			isa = PBXGroup;
			children = (
				9B1F412D1F0FDE3F000B3076 /* TaskSchedulerTests.swift */,
				9B1F412F1F0FDE3F000B3076 /* Info.plist */,
			);
			path = TaskSchedulerTests;
			sourceTree = "<group>";
		};
/* End PBXGroup section */

/* Begin PBXNativeTarget section */
		9B1F41141F0FDE3E000B3076 /* TaskScheduler */ = {
			isa = PBXNativeTarget;
			buildConfigurationList = 9B1F41321F0FDE3F000B3076 /* Build configuration list for PBXNativeTarget "TaskScheduler" */;
			buildPhases = (
				9B1F41111F0FDE3E000B3076 /* Sources */,
				9B1F41121F0FDE3E000B3076 /* Frameworks */,
				9B1F41131F0FDE3E000B3076 /* Resources */,
			);
			buildRules = (
			);
			dependencies = (
			);
			name = TaskScheduler;
			productName = TaskScheduler;
			productReference = 9B1F41151F0FDE3E000B3076 /* TaskScheduler.app */;
			productType = "com.apple.product-type.application";
		};
		9B1F41281F0FDE3F000B3076 /* TaskSchedulerTests */ = {
			isa = PBXNativeTarget;
			buildConfigurationList = 9B1F41351F0FDE3F000B3076 /* Build configuration list for PBXNativeTarget "TaskSchedulerTests" */;
			buildPhases = (
				9B1F41251F0FDE3F000B3076 /* Sources */,
				9B1F41261F0FDE3F000B3076 /* Frameworks */,
				9B1F41271F0FDE3F000B3076 /* Resources */,
			);
			buildRules = (
			);
			dependencies = (
				9B1F412B1F0FDE3F000B3076 /* PBXTargetDependency */,
			);
			name = TaskSchedulerTests;
			productName = TaskSchedulerTests;
			productReference = 9B1F41291F0FDE3F000B3076 /* TaskSchedulerTests.xctest */;
			productType = "com.apple.product-type.bundle.unit-test";
		};
/* End PBXNativeTarget section */

/* Begin PBXProject section */
		9B1F410D1F0FDE3E000B3076 /* Project object */ = {
			isa = PBXProject;
			attributes = {
				LastSwiftUpdateCheck = 0830;
				LastUpgradeCheck = 0830;
				ORGANIZATIONNAME = "Nikhil Cherukuri";
				TargetAttributes = {
					9B1F41141F0FDE3E000B3076 = {
						CreatedOnToolsVersion = 8.3.3;
						DevelopmentTeam = 8L85KQW3PN;
						ProvisioningStyle = Automatic;
					};
					9B1F41281F0FDE3F000B3076 = {
						CreatedOnToolsVersion = 8.3.3;
						ProvisioningStyle = Automatic;
						TestTargetID = 9B1F41141F0FDE3E000B3076;
					};
				};
			};
			buildConfigurationList = 9B1F41101F0FDE3E000B3076 /* Build configuration list for PBXProject "TaskScheduler" */;
			compatibilityVersion = "Xcode 3.2";
			developmentRegion = English;
			hasScannedForEncodings = 0;
			knownRegions = (
				en,
				Base,
			);
			mainGroup = 9B1F410C1F0FDE3E000B3076;
			productRefGroup = 9B1F41161F0FDE3E000B3076 /* Products */;
			projectDirPath = "";
			projectRoot = "";
			targets = (
				9B1F41141F0FDE3E000B3076 /* TaskScheduler */,
				9B1F41281F0FDE3F000B3076 /* TaskSchedulerTests */,
			);
		};
/* End PBXProject section */

/* Begin PBXResourcesBuildPhase section */
		9B1F41131F0FDE3E000B3076 /* Resources */ = {
			isa = PBXResourcesBuildPhase;
			buildActionMask = 2147483647;
			files = (
				9B1F41231F0FDE3F000B3076 /* LaunchScreen.storyboard in Resources */,
				9B1F41201F0FDE3F000B3076 /* Assets.xcassets in Resources */,
				9B1F411E1F0FDE3E000B3076 /* Main.storyboard in Resources */,
			);
			runOnlyForDeploymentPostprocessing = 0;
		};
		9B1F41271F0FDE3F000B3076 /* Resources */ = {
			isa = PBXResourcesBuildPhase;
			buildActionMask = 2147483647;
			files = (
			);
			runOnlyForDeploymentPostprocessing = 0;
		};
/* End PBXResourcesBuildPhase section */

/* Begin PBXSourcesBuildPhase section */
		9B1F41111F0FDE3E000B3076 /* Sources */ = {
			isa = PBXSourcesBuildPhase;
			buildActionMask = 2147483647;
			files = (
				9B513C3E1F1DA32C005EA23C /* Task.swift in Sources */,
				5E24CC301F649228001FD3C6 /* SchedulingAlgorithm.swift in Sources */,
				9B1F413B1F104B17000B3076 /* Class.swift in Sources */,
				9BFF60491F1DC3BC0085DA4A /* TaskTableViewCell.swift in Sources */,
				9B513C3C1F1DA019005EA23C /* TaskViewController.swift in Sources */,
				9B1F41411F13E5CE000B3076 /* TableViewController.swift in Sources */,
				9B1F413F1F104CD9000B3076 /* ClassViewController.swift in Sources */,
				5E24CC2E1F6491A6001FD3C6 /* PriorityQueue.swift in Sources */,
				9B1F411B1F0FDE3E000B3076 /* ViewController.swift in Sources */,
				9B513C401F1DA6DE005EA23C /* TaskTableViewController.swift in Sources */,
				9B1F41191F0FDE3E000B3076 /* AppDelegate.swift in Sources */,
				9B1F41391F0FE169000B3076 /* ClassTableViewCell.swift in Sources */,
			);
			runOnlyForDeploymentPostprocessing = 0;
		};
		9B1F41251F0FDE3F000B3076 /* Sources */ = {
			isa = PBXSourcesBuildPhase;
			buildActionMask = 2147483647;
			files = (
				9B1F412E1F0FDE3F000B3076 /* TaskSchedulerTests.swift in Sources */,
			);
			runOnlyForDeploymentPostprocessing = 0;
		};
/* End PBXSourcesBuildPhase section */

/* Begin PBXTargetDependency section */
		9B1F412B1F0FDE3F000B3076 /* PBXTargetDependency */ = {
			isa = PBXTargetDependency;
			target = 9B1F41141F0FDE3E000B3076 /* TaskScheduler */;
			targetProxy = 9B1F412A1F0FDE3F000B3076 /* PBXContainerItemProxy */;
		};
/* End PBXTargetDependency section */

/* Begin PBXVariantGroup section */
		9B1F411C1F0FDE3E000B3076 /* Main.storyboard */ = {
			isa = PBXVariantGroup;
			children = (
				9B1F411D1F0FDE3E000B3076 /* Base */,
			);
			name = Main.storyboard;
			sourceTree = "<group>";
		};
		9B1F41211F0FDE3F000B3076 /* LaunchScreen.storyboard */ = {
			isa = PBXVariantGroup;
			children = (
				9B1F41221F0FDE3F000B3076 /* Base */,
			);
			name = LaunchScreen.storyboard;
			sourceTree = "<group>";
		};
/* End PBXVariantGroup section */

/* Begin XCBuildConfiguration section */
		9B1F41301F0FDE3F000B3076 /* Debug */ = {
			isa = XCBuildConfiguration;
			buildSettings = {
				ALWAYS_SEARCH_USER_PATHS = NO;
				CLANG_ANALYZER_NONNULL = YES;
				CLANG_ANALYZER_NUMBER_OBJECT_CONVERSION = YES_AGGRESSIVE;
				CLANG_CXX_LANGUAGE_STANDARD = "gnu++0x";
				CLANG_CXX_LIBRARY = "libc++";
				CLANG_ENABLE_MODULES = YES;
				CLANG_ENABLE_OBJC_ARC = YES;
				CLANG_WARN_BOOL_CONVERSION = YES;
				CLANG_WARN_CONSTANT_CONVERSION = YES;
				CLANG_WARN_DIRECT_OBJC_ISA_USAGE = YES_ERROR;
				CLANG_WARN_DOCUMENTATION_COMMENTS = YES;
				CLANG_WARN_EMPTY_BODY = YES;
				CLANG_WARN_ENUM_CONVERSION = YES;
				CLANG_WARN_INFINITE_RECURSION = YES;
				CLANG_WARN_INT_CONVERSION = YES;
				CLANG_WARN_OBJC_ROOT_CLASS = YES_ERROR;
				CLANG_WARN_SUSPICIOUS_MOVE = YES;
				CLANG_WARN_UNREACHABLE_CODE = YES;
				CLANG_WARN__DUPLICATE_METHOD_MATCH = YES;
				"CODE_SIGN_IDENTITY[sdk=iphoneos*]" = "iPhone Developer";
				COPY_PHASE_STRIP = NO;
				DEBUG_INFORMATION_FORMAT = dwarf;
				ENABLE_STRICT_OBJC_MSGSEND = YES;
				ENABLE_TESTABILITY = YES;
				GCC_C_LANGUAGE_STANDARD = gnu99;
				GCC_DYNAMIC_NO_PIC = NO;
				GCC_NO_COMMON_BLOCKS = YES;
				GCC_OPTIMIZATION_LEVEL = 0;
				GCC_PREPROCESSOR_DEFINITIONS = (
					"DEBUG=1",
					"$(inherited)",
				);
				GCC_WARN_64_TO_32_BIT_CONVERSION = YES;
				GCC_WARN_ABOUT_RETURN_TYPE = YES_ERROR;
				GCC_WARN_UNDECLARED_SELECTOR = YES;
				GCC_WARN_UNINITIALIZED_AUTOS = YES_AGGRESSIVE;
				GCC_WARN_UNUSED_FUNCTION = YES;
				GCC_WARN_UNUSED_VARIABLE = YES;
				IPHONEOS_DEPLOYMENT_TARGET = 10.3;
				MTL_ENABLE_DEBUG_INFO = YES;
				ONLY_ACTIVE_ARCH = YES;
				SDKROOT = iphoneos;
				SWIFT_ACTIVE_COMPILATION_CONDITIONS = DEBUG;
				SWIFT_OPTIMIZATION_LEVEL = "-Onone";
				TARGETED_DEVICE_FAMILY = "1,2";
			};
			name = Debug;
		};
		9B1F41311F0FDE3F000B3076 /* Release */ = {
			isa = XCBuildConfiguration;
			buildSettings = {
				ALWAYS_SEARCH_USER_PATHS = NO;
				CLANG_ANALYZER_NONNULL = YES;
				CLANG_ANALYZER_NUMBER_OBJECT_CONVERSION = YES_AGGRESSIVE;
				CLANG_CXX_LANGUAGE_STANDARD = "gnu++0x";
				CLANG_CXX_LIBRARY = "libc++";
				CLANG_ENABLE_MODULES = YES;
				CLANG_ENABLE_OBJC_ARC = YES;
				CLANG_WARN_BOOL_CONVERSION = YES;
				CLANG_WARN_CONSTANT_CONVERSION = YES;
				CLANG_WARN_DIRECT_OBJC_ISA_USAGE = YES_ERROR;
				CLANG_WARN_DOCUMENTATION_COMMENTS = YES;
				CLANG_WARN_EMPTY_BODY = YES;
				CLANG_WARN_ENUM_CONVERSION = YES;
				CLANG_WARN_INFINITE_RECURSION = YES;
				CLANG_WARN_INT_CONVERSION = YES;
				CLANG_WARN_OBJC_ROOT_CLASS = YES_ERROR;
				CLANG_WARN_SUSPICIOUS_MOVE = YES;
				CLANG_WARN_UNREACHABLE_CODE = YES;
				CLANG_WARN__DUPLICATE_METHOD_MATCH = YES;
				"CODE_SIGN_IDENTITY[sdk=iphoneos*]" = "iPhone Developer";
				COPY_PHASE_STRIP = NO;
				DEBUG_INFORMATION_FORMAT = "dwarf-with-dsym";
				ENABLE_NS_ASSERTIONS = NO;
				ENABLE_STRICT_OBJC_MSGSEND = YES;
				GCC_C_LANGUAGE_STANDARD = gnu99;
				GCC_NO_COMMON_BLOCKS = YES;
				GCC_WARN_64_TO_32_BIT_CONVERSION = YES;
				GCC_WARN_ABOUT_RETURN_TYPE = YES_ERROR;
				GCC_WARN_UNDECLARED_SELECTOR = YES;
				GCC_WARN_UNINITIALIZED_AUTOS = YES_AGGRESSIVE;
				GCC_WARN_UNUSED_FUNCTION = YES;
				GCC_WARN_UNUSED_VARIABLE = YES;
				IPHONEOS_DEPLOYMENT_TARGET = 10.3;
				MTL_ENABLE_DEBUG_INFO = NO;
				SDKROOT = iphoneos;
				SWIFT_OPTIMIZATION_LEVEL = "-Owholemodule";
				TARGETED_DEVICE_FAMILY = "1,2";
				VALIDATE_PRODUCT = YES;
			};
			name = Release;
		};
		9B1F41331F0FDE3F000B3076 /* Debug */ = {
			isa = XCBuildConfiguration;
			buildSettings = {
				ASSETCATALOG_COMPILER_APPICON_NAME = AppIcon;
				DEVELOPMENT_TEAM = 8L85KQW3PN;
				INFOPLIST_FILE = TaskScheduler/Info.plist;
				LD_RUNPATH_SEARCH_PATHS = "$(inherited) @executable_path/Frameworks";
				PRODUCT_BUNDLE_IDENTIFIER = edu.usc.TaskScheduler1;
				PRODUCT_NAME = "$(TARGET_NAME)";
				SWIFT_VERSION = 3.0;
			};
			name = Debug;
		};
		9B1F41341F0FDE3F000B3076 /* Release */ = {
			isa = XCBuildConfiguration;
			buildSettings = {
				ASSETCATALOG_COMPILER_APPICON_NAME = AppIcon;
				DEVELOPMENT_TEAM = 8L85KQW3PN;
				INFOPLIST_FILE = TaskScheduler/Info.plist;
				LD_RUNPATH_SEARCH_PATHS = "$(inherited) @executable_path/Frameworks";
				PRODUCT_BUNDLE_IDENTIFIER = edu.usc.TaskScheduler1;
				PRODUCT_NAME = "$(TARGET_NAME)";
				SWIFT_VERSION = 3.0;
			};
			name = Release;
		};
		9B1F41361F0FDE3F000B3076 /* Debug */ = {
			isa = XCBuildConfiguration;
			buildSettings = {
				ALWAYS_EMBED_SWIFT_STANDARD_LIBRARIES = YES;
				BUNDLE_LOADER = "$(TEST_HOST)";
				INFOPLIST_FILE = TaskSchedulerTests/Info.plist;
				LD_RUNPATH_SEARCH_PATHS = "$(inherited) @executable_path/Frameworks @loader_path/Frameworks";
				PRODUCT_BUNDLE_IDENTIFIER = edu.usc.TaskSchedulerTests;
				PRODUCT_NAME = "$(TARGET_NAME)";
				SWIFT_VERSION = 3.0;
				TEST_HOST = "$(BUILT_PRODUCTS_DIR)/TaskScheduler.app/TaskScheduler";
			};
			name = Debug;
		};
		9B1F41371F0FDE3F000B3076 /* Release */ = {
			isa = XCBuildConfiguration;
			buildSettings = {
				ALWAYS_EMBED_SWIFT_STANDARD_LIBRARIES = YES;
				BUNDLE_LOADER = "$(TEST_HOST)";
				INFOPLIST_FILE = TaskSchedulerTests/Info.plist;
				LD_RUNPATH_SEARCH_PATHS = "$(inherited) @executable_path/Frameworks @loader_path/Frameworks";
				PRODUCT_BUNDLE_IDENTIFIER = edu.usc.TaskSchedulerTests;
				PRODUCT_NAME = "$(TARGET_NAME)";
				SWIFT_VERSION = 3.0;
				TEST_HOST = "$(BUILT_PRODUCTS_DIR)/TaskScheduler.app/TaskScheduler";
			};
			name = Release;
		};
/* End XCBuildConfiguration section */

/* Begin XCConfigurationList section */
		9B1F41101F0FDE3E000B3076 /* Build configuration list for PBXProject "TaskScheduler" */ = {
			isa = XCConfigurationList;
			buildConfigurations = (
				9B1F41301F0FDE3F000B3076 /* Debug */,
				9B1F41311F0FDE3F000B3076 /* Release */,
			);
			defaultConfigurationIsVisible = 0;
			defaultConfigurationName = Release;
		};
		9B1F41321F0FDE3F000B3076 /* Build configuration list for PBXNativeTarget "TaskScheduler" */ = {
			isa = XCConfigurationList;
			buildConfigurations = (
				9B1F41331F0FDE3F000B3076 /* Debug */,
				9B1F41341F0FDE3F000B3076 /* Release */,
			);
			defaultConfigurationIsVisible = 0;
			defaultConfigurationName = Release;
		};
		9B1F41351F0FDE3F000B3076 /* Build configuration list for PBXNativeTarget "TaskSchedulerTests" */ = {
			isa = XCConfigurationList;
			buildConfigurations = (
				9B1F41361F0FDE3F000B3076 /* Debug */,
				9B1F41371F0FDE3F000B3076 /* Release */,
			);
			defaultConfigurationIsVisible = 0;
			defaultConfigurationName = Release;
		};
/* End XCConfigurationList section */
	};
	rootObject = 9B1F410D1F0FDE3E000B3076 /* Project object */;
}
